
Microsoft Visual Studio Solution File, Format Version 12.00
# Visual Studio Version 17
VisualStudioVersion = 17.2.32630.192
MinimumVisualStudioVersion = 10.0.40219.1
Project("{FAE04EC0-301F-11D3-BF4B-00C04F79EFBC}") = "PDesignPatterBuilder", "PDesignPatterBuilder\PDesignPatterBuilder.csproj", "{918542B7-37A1-440E-9814-725082146489}"
EndProject
Global
	GlobalSection(SolutionConfigurationPlatforms) = preSolution
		Debug|Any CPU = Debug|Any CPU
		Release|Any CPU = Release|Any CPU
	EndGlobalSection
	GlobalSection(ProjectConfigurationPlatforms) = postSolution
		{918542B7-37A1-440E-9814-725082146489}.Debug|Any CPU.ActiveCfg = Debug|Any CPU
		{918542B7-37A1-440E-9814-725082146489}.Debug|Any CPU.Build.0 = Debug|Any CPU
		{918542B7-37A1-440E-9814-725082146489}.Release|Any CPU.ActiveCfg = Release|Any CPU
		{918542B7-37A1-440E-9814-725082146489}.Release|Any CPU.Build.0 = Release|Any CPU
	EndGlobalSection
	GlobalSection(SolutionProperties) = preSolution
		HideSolutionNode = FALSE
	EndGlobalSection
	GlobalSection(ExtensibilityGlobals) = postSolution
		SolutionGuid = {57C4A7E4-9528-4643-9E54-6EE0E9895455}
	EndGlobalSection
EndGlobal
